
Microsoft Visual Studio Solution File, Format Version 12.00
# Visual Studio Version 16
VisualStudioVersion = 16.0.31702.278
MinimumVisualStudioVersion = 10.0.40219.1
Project("{8BC9CEB8-8B4A-11D0-8D11-00A0C91BC942}") = "лаба 14", "лаба 14\лаба 14.vcxproj", "{CE1508C7-73EA-4104-909E-5ED33D88CC7B}"
EndProject
Global
	GlobalSection(SolutionConfigurationPlatforms) = preSolution
		Debug|x64 = Debug|x64
		Debug|x86 = Debug|x86
		Release|x64 = Release|x64
		Release|x86 = Release|x86
	EndGlobalSection
	GlobalSection(ProjectConfigurationPlatforms) = postSolution
		{CE1508C7-73EA-4104-909E-5ED33D88CC7B}.Debug|x64.ActiveCfg = Debug|x64
		{CE1508C7-73EA-4104-909E-5ED33D88CC7B}.Debug|x64.Build.0 = Debug|x64
		{CE1508C7-73EA-4104-909E-5ED33D88CC7B}.Debug|x86.ActiveCfg = Debug|Win32
		{CE1508C7-73EA-4104-909E-5ED33D88CC7B}.Debug|x86.Build.0 = Debug|Win32
		{CE1508C7-73EA-4104-909E-5ED33D88CC7B}.Release|x64.ActiveCfg = Release|x64
		{CE1508C7-73EA-4104-909E-5ED33D88CC7B}.Release|x64.Build.0 = Release|x64
		{CE1508C7-73EA-4104-909E-5ED33D88CC7B}.Release|x86.ActiveCfg = Release|Win32
		{CE1508C7-73EA-4104-909E-5ED33D88CC7B}.Release|x86.Build.0 = Release|Win32
	EndGlobalSection
	GlobalSection(SolutionProperties) = preSolution
		HideSolutionNode = FALSE
	EndGlobalSection
	GlobalSection(ExtensibilityGlobals) = postSolution
		SolutionGuid = {3D536F2A-ED43-480A-BBCF-1F676A0C3798}
	EndGlobalSection
EndGlobal
